{
  "lockfileVersion": 1,
  "configVersion": 1,
  "workspaces": {
    "": {
      "name": "wavesurfer-tsgo",
      "dependencies": {
        "@typescript/native-preview": "^7.0.0-dev.20260113.1",
        "typescript": "^5.9.3",
        "wavesurfer.js": "7.8.11",
      },
    },
  },
  "packages": {
    "@typescript/native-preview": ["@typescript/native-preview@7.0.0-dev.20260113.1", "", { "optionalDependencies": { "@typescript/native-preview-darwin-arm64": "7.0.0-dev.20260113.1", "@typescript/native-preview-darwin-x64": "7.0.0-dev.20260113.1", "@typescript/native-preview-linux-arm": "7.0.0-dev.20260113.1", "@typescript/native-preview-linux-arm64": "7.0.0-dev.20260113.1", "@typescript/native-preview-linux-x64": "7.0.0-dev.20260113.1", "@typescript/native-preview-win32-arm64": "7.0.0-dev.20260113.1", "@typescript/native-preview-win32-x64": "7.0.0-dev.20260113.1" }, "bin": { "tsgo": "bin/tsgo.js" } }, "sha512-oz6EQSlmlGAcAEnwh1Tid0JOfJWHJNQNA2foBis1pAvXES+jsWRLuHPDu0wbzeVHLJm4qxSsejTCrMFYn2Yhbg=="],

    "@typescript/native-preview-darwin-arm64": ["@typescript/native-preview-darwin-arm64@7.0.0-dev.20260113.1", "", { "os": "darwin", "cpu": "arm64" }, "sha512-uAT5+7Z1PDMKXBHa6snw2m34cmYoKEqN2H18+aNgC40n/NKplnvWEogF7IFbdQKngJx4dfxflKTZwr6426+ktw=="],

    "@typescript/native-preview-darwin-x64": ["@typescript/native-preview-darwin-x64@7.0.0-dev.20260113.1", "", { "os": "darwin", "cpu": "x64" }, "sha512-pscoSdv6JkIJuCG5T6M7orIejZnuYO0a1kw2t69RFXJxuL3HcbX/kQ3S1xbw2+U7XPX4vwZk6OSS8xtuxlai5A=="],

    "@typescript/native-preview-linux-arm": ["@typescript/native-preview-linux-arm@7.0.0-dev.20260113.1", "", { "os": "linux", "cpu": "arm" }, "sha512-3RegnIYwOPhBjIDa26Lqm9FBzCLNDx2BgJvmd3VU5wKzHa1aucH4dFGKdbWFZvUEKro2rpjxB5r1p3iz2Y+ZnA=="],

    "@typescript/native-preview-linux-arm64": ["@typescript/native-preview-linux-arm64@7.0.0-dev.20260113.1", "", { "os": "linux", "cpu": "arm64" }, "sha512-K1j7z6M8WsGXmc9NjAFCKAsWX9yCYkN73XH/nhovz3kpSl8DfLhzwHgK/ZMUyju1CeCK7kjQWPVXARWgPplw9Q=="],

    "@typescript/native-preview-linux-x64": ["@typescript/native-preview-linux-x64@7.0.0-dev.20260113.1", "", { "os": "linux", "cpu": "x64" }, "sha512-AOKLMSlP03NF6Xn3UI7fWpe7/mHLqh9tnP4kvTPbvOzJ3jIVkjDQNgwfKBDJ8aam8DY1dTsNKUOtkhtBfxVtNw=="],

    "@typescript/native-preview-win32-arm64": ["@typescript/native-preview-win32-arm64@7.0.0-dev.20260113.1", "", { "os": "win32", "cpu": "arm64" }, "sha512-W8W3U9z0pXM02u/AnR0D1sKSdlquJ1pp6hf/uDd2WKvK2I/69aUwvh1gJ9YKTk/xZ5lInmV+AviDsgZjsMV1mg=="],

    "@typescript/native-preview-win32-x64": ["@typescript/native-preview-win32-x64@7.0.0-dev.20260113.1", "", { "os": "win32", "cpu": "x64" }, "sha512-PCg9g8XTjRFMexs9qRvrpY6mnX6PQUKq3GSK/I/jncpuzhAZgAAj8cYRbCGdIq2pxwMFjBlmSgWOTwfweopnbg=="],

    "typescript": ["typescript@5.9.3", "", { "bin": { "tsc": "bin/tsc", "tsserver": "bin/tsserver" } }, "sha512-jl1vZzPDinLr9eUt3J/t7V6FgNEw9QjvBPdysz9KfQDD41fQrC2Y4vKQdiaUpFT4bXlb1RHhLpp8wtm6M5TgSw=="],

    "wavesurfer.js": ["wavesurfer.js@7.8.11", "", {}, "sha512-bZs7A0vtTVOhuPoDGOXVevAIm+KVYBGwddjL9AeOS7kp/oPcVH9hQWQyR2rBAAfN6s0BKI+EdPEalkNaOmkA6A=="],
  }
}
